<Solution>
  <Folder Name="/src/" />
  <Folder Name="/src/Core/">
    <Project Path="src/Core/DotWhisper.Core.csproj" />
  </Folder>
  <Folder Name="/src/UI/">
    <Project Path="src/UI/DotWhisper.UI.csproj" />
  </Folder>
  <Folder Name="/tests/" />
  <Folder Name="/tests/UnitTests/">
    <Project Path="tests/UnitTests/DotWhisper.Tests.csproj" />
  </Folder>
</Solution>
